// !$*UTF8*$!
{
	archiveVersion = 1;
	classes = {
	};
	objectVersion = 51;
	objects = {

/* Begin PBXBuildFile section */
		49CE8C91D7ACFA5815074605 /* Pods_Hourbox.framework in Frameworks */ = {isa = PBXBuildFile; fileRef = FAD9A7775BB0DFB53FCF47AF /* Pods_Hourbox.framework */; };
		4F0572CAE46550389FDAAFC6 /* Pods_Hourbox_HourboxUITests.framework in Frameworks */ = {isa = PBXBuildFile; fileRef = D23079407410EC5109F45BFF /* Pods_Hourbox_HourboxUITests.framework */; };
		860F889A258AE14600954F15 /* ImageViewerViewController.swift in Sources */ = {isa = PBXBuildFile; fileRef = 860F8899258AE14600954F15 /* ImageViewerViewController.swift */; };
		860F889B258AE14600954F15 /* ImageViewerViewController.swift in Sources */ = {isa = PBXBuildFile; fileRef = 860F8899258AE14600954F15 /* ImageViewerViewController.swift */; };
		860F889E258AE88200954F15 /* SignInViewController.swift in Sources */ = {isa = PBXBuildFile; fileRef = 860F889D258AE88200954F15 /* SignInViewController.swift */; };
		860F889F258AE88200954F15 /* SignInViewController.swift in Sources */ = {isa = PBXBuildFile; fileRef = 860F889D258AE88200954F15 /* SignInViewController.swift */; };
		860F88A1258AEEFB00954F15 /* SignInViewModel.swift in Sources */ = {isa = PBXBuildFile; fileRef = 860F88A0258AEEFB00954F15 /* SignInViewModel.swift */; };
		860F88A2258AEEFB00954F15 /* SignInViewModel.swift in Sources */ = {isa = PBXBuildFile; fileRef = 860F88A0258AEEFB00954F15 /* SignInViewModel.swift */; };
		860F88A4258AEF7A00954F15 /* SignInCoordinator.swift in Sources */ = {isa = PBXBuildFile; fileRef = 860F88A3258AEF7A00954F15 /* SignInCoordinator.swift */; };
		860F88A5258AEF7A00954F15 /* SignInCoordinator.swift in Sources */ = {isa = PBXBuildFile; fileRef = 860F88A3258AEF7A00954F15 /* SignInCoordinator.swift */; };
		864A2189258AF9720013DB1B /* ApplicationCoordinator.swift in Sources */ = {isa = PBXBuildFile; fileRef = 864A2188258AF9720013DB1B /* ApplicationCoordinator.swift */; };
		864A218A258AF9720013DB1B /* ApplicationCoordinator.swift in Sources */ = {isa = PBXBuildFile; fileRef = 864A2188258AF9720013DB1B /* ApplicationCoordinator.swift */; };
		864A218C258AFA160013DB1B /* ApplicactionViewController.swift in Sources */ = {isa = PBXBuildFile; fileRef = 864A218B258AFA150013DB1B /* ApplicactionViewController.swift */; };
		864A218D258AFA160013DB1B /* ApplicactionViewController.swift in Sources */ = {isa = PBXBuildFile; fileRef = 864A218B258AFA150013DB1B /* ApplicactionViewController.swift */; };
		864A218F258AFA430013DB1B /* ApplicationViewModel.swift in Sources */ = {isa = PBXBuildFile; fileRef = 864A218E258AFA430013DB1B /* ApplicationViewModel.swift */; };
		864A2190258AFA430013DB1B /* ApplicationViewModel.swift in Sources */ = {isa = PBXBuildFile; fileRef = 864A218E258AFA430013DB1B /* ApplicationViewModel.swift */; };
		864A2192258AFEFB0013DB1B /* StoreAccessTokenInteractor.swift in Sources */ = {isa = PBXBuildFile; fileRef = 864A2191258AFEFB0013DB1B /* StoreAccessTokenInteractor.swift */; };
		864A2193258AFEFB0013DB1B /* StoreAccessTokenInteractor.swift in Sources */ = {isa = PBXBuildFile; fileRef = 864A2191258AFEFB0013DB1B /* StoreAccessTokenInteractor.swift */; };
		864A2195258AFF0B0013DB1B /* GetAccessTokenInteractor.swift in Sources */ = {isa = PBXBuildFile; fileRef = 864A2194258AFF0B0013DB1B /* GetAccessTokenInteractor.swift */; };
		864A2196258AFF0B0013DB1B /* GetAccessTokenInteractor.swift in Sources */ = {isa = PBXBuildFile; fileRef = 864A2194258AFF0B0013DB1B /* GetAccessTokenInteractor.swift */; };
		864A2198258AFFBB0013DB1B /* AccessTokenRepository.swift in Sources */ = {isa = PBXBuildFile; fileRef = 864A2197258AFFBB0013DB1B /* AccessTokenRepository.swift */; };
		864A2199258AFFBB0013DB1B /* AccessTokenRepository.swift in Sources */ = {isa = PBXBuildFile; fileRef = 864A2197258AFFBB0013DB1B /* AccessTokenRepository.swift */; };
		864A219B258B026E0013DB1B /* IsUserLoggedInInteractor.swift in Sources */ = {isa = PBXBuildFile; fileRef = 864A219A258B026E0013DB1B /* IsUserLoggedInInteractor.swift */; };
		864A219C258B026E0013DB1B /* IsUserLoggedInInteractor.swift in Sources */ = {isa = PBXBuildFile; fileRef = 864A219A258B026E0013DB1B /* IsUserLoggedInInteractor.swift */; };
		864A219E258B0B240013DB1B /* RemoveAccessTokenInteractor.swift in Sources */ = {isa = PBXBuildFile; fileRef = 864A219D258B0B240013DB1B /* RemoveAccessTokenInteractor.swift */; };
		864A219F258B0B240013DB1B /* RemoveAccessTokenInteractor.swift in Sources */ = {isa = PBXBuildFile; fileRef = 864A219D258B0B240013DB1B /* RemoveAccessTokenInteractor.swift */; };
		864A21A2258B17330013DB1B /* DI.swift in Sources */ = {isa = PBXBuildFile; fileRef = 864A21A1258B17330013DB1B /* DI.swift */; };
		864A21A3258B17330013DB1B /* DI.swift in Sources */ = {isa = PBXBuildFile; fileRef = 864A21A1258B17330013DB1B /* DI.swift */; };
		86544066258854C200839146 /* AppDelegate.swift in Sources */ = {isa = PBXBuildFile; fileRef = 86544065258854C200839146 /* AppDelegate.swift */; };
		8654406A258854C200839146 /* ViewController.swift in Sources */ = {isa = PBXBuildFile; fileRef = 86544069258854C200839146 /* ViewController.swift */; };
		8654406F258854C600839146 /* Assets.xcassets in Resources */ = {isa = PBXBuildFile; fileRef = 8654406E258854C600839146 /* Assets.xcassets */; };
		86544072258854C600839146 /* LaunchScreen.storyboard in Resources */ = {isa = PBXBuildFile; fileRef = 86544070258854C600839146 /* LaunchScreen.storyboard */; };
		8654407D258854C600839146 /* HourboxTests.swift in Sources */ = {isa = PBXBuildFile; fileRef = 8654407C258854C600839146 /* HourboxTests.swift */; };
		86544088258854C600839146 /* HourboxUITests.swift in Sources */ = {isa = PBXBuildFile; fileRef = 86544087258854C600839146 /* HourboxUITests.swift */; };
		86A32803258D241E00AC17F8 /* FileInformationDetailViewModel.swift in Sources */ = {isa = PBXBuildFile; fileRef = 86A32802258D241E00AC17F8 /* FileInformationDetailViewModel.swift */; };
		86A32804258D241E00AC17F8 /* FileInformationDetailViewModel.swift in Sources */ = {isa = PBXBuildFile; fileRef = 86A32802258D241E00AC17F8 /* FileInformationDetailViewModel.swift */; };
		86A32806258D297100AC17F8 /* FileInformationDetailViewController.swift in Sources */ = {isa = PBXBuildFile; fileRef = 86A32805258D297100AC17F8 /* FileInformationDetailViewController.swift */; };
		86A32807258D297100AC17F8 /* FileInformationDetailViewController.swift in Sources */ = {isa = PBXBuildFile; fileRef = 86A32805258D297100AC17F8 /* FileInformationDetailViewController.swift */; };
		86A3280A258EC17000AC17F8 /* UIViewController+Extensions.swift in Sources */ = {isa = PBXBuildFile; fileRef = 86A32809258EC17000AC17F8 /* UIViewController+Extensions.swift */; };
		86A3280B258EC17000AC17F8 /* UIViewController+Extensions.swift in Sources */ = {isa = PBXBuildFile; fileRef = 86A32809258EC17000AC17F8 /* UIViewController+Extensions.swift */; };
		86A3280D258EC47300AC17F8 /* GetThumbnailInteractor.swift in Sources */ = {isa = PBXBuildFile; fileRef = 86A3280C258EC47300AC17F8 /* GetThumbnailInteractor.swift */; };
		86A3280E258EC47300AC17F8 /* GetThumbnailInteractor.swift in Sources */ = {isa = PBXBuildFile; fileRef = 86A3280C258EC47300AC17F8 /* GetThumbnailInteractor.swift */; };
		86A32810258ED84A00AC17F8 /* LogoutInteractor.swift in Sources */ = {isa = PBXBuildFile; fileRef = 86A3280F258ED84A00AC17F8 /* LogoutInteractor.swift */; };
		86A32811258ED84A00AC17F8 /* LogoutInteractor.swift in Sources */ = {isa = PBXBuildFile; fileRef = 86A3280F258ED84A00AC17F8 /* LogoutInteractor.swift */; };
		86A32818258EE7A600AC17F8 /* Localizable.strings in Resources */ = {isa = PBXBuildFile; fileRef = 86A32817258EE7A600AC17F8 /* Localizable.strings */; };
		86A32819258EE7A600AC17F8 /* Localizable.strings in Resources */ = {isa = PBXBuildFile; fileRef = 86A32817258EE7A600AC17F8 /* Localizable.strings */; };
		86A3281B258EE97600AC17F8 /* Texts.swift in Sources */ = {isa = PBXBuildFile; fileRef = 86A3281A258EE97600AC17F8 /* Texts.swift */; };
		86A3281C258EE97600AC17F8 /* Texts.swift in Sources */ = {isa = PBXBuildFile; fileRef = 86A3281A258EE97600AC17F8 /* Texts.swift */; };
		86A3281E258EE99900AC17F8 /* String+Extension.swift in Sources */ = {isa = PBXBuildFile; fileRef = 86A3281D258EE99900AC17F8 /* String+Extension.swift */; };
		86A3281F258EE99900AC17F8 /* String+Extension.swift in Sources */ = {isa = PBXBuildFile; fileRef = 86A3281D258EE99900AC17F8 /* String+Extension.swift */; };
		86A32821258EF16200AC17F8 /* FileInformationContracts.swift in Sources */ = {isa = PBXBuildFile; fileRef = 86A32820258EF16200AC17F8 /* FileInformationContracts.swift */; };
		86A32822258EF16200AC17F8 /* FileInformationContracts.swift in Sources */ = {isa = PBXBuildFile; fileRef = 86A32820258EF16200AC17F8 /* FileInformationContracts.swift */; };
		86A32824258EFB0400AC17F8 /* FileBrowerContracts.swift in Sources */ = {isa = PBXBuildFile; fileRef = 86A32823258EFB0400AC17F8 /* FileBrowerContracts.swift */; };
		86A32825258EFB0400AC17F8 /* FileBrowerContracts.swift in Sources */ = {isa = PBXBuildFile; fileRef = 86A32823258EFB0400AC17F8 /* FileBrowerContracts.swift */; };
		86A32827258EFC6400AC17F8 /* UIView+Extensions.swift in Sources */ = {isa = PBXBuildFile; fileRef = 86A32826258EFC6400AC17F8 /* UIView+Extensions.swift */; };
		86A32828258EFC6400AC17F8 /* UIView+Extensions.swift in Sources */ = {isa = PBXBuildFile; fileRef = 86A32826258EFC6400AC17F8 /* UIView+Extensions.swift */; };
		86A3282A258EFC9D00AC17F8 /* SkeletonCell.swift in Sources */ = {isa = PBXBuildFile; fileRef = 86A32829258EFC9D00AC17F8 /* SkeletonCell.swift */; };
		86A3282B258EFC9D00AC17F8 /* SkeletonCell.swift in Sources */ = {isa = PBXBuildFile; fileRef = 86A32829258EFC9D00AC17F8 /* SkeletonCell.swift */; };
		86A3282D258F084D00AC17F8 /* FileBrowserCollectionAdapter.swift in Sources */ = {isa = PBXBuildFile; fileRef = 86A3282C258F084D00AC17F8 /* FileBrowserCollectionAdapter.swift */; };
		86A3282E258F084D00AC17F8 /* FileBrowserCollectionAdapter.swift in Sources */ = {isa = PBXBuildFile; fileRef = 86A3282C258F084D00AC17F8 /* FileBrowserCollectionAdapter.swift */; };
		86A32830258F0E7100AC17F8 /* NSNotification+Extensions.swift in Sources */ = {isa = PBXBuildFile; fileRef = 86A3282F258F0E7100AC17F8 /* NSNotification+Extensions.swift */; };
		86A32831258F0E7100AC17F8 /* NSNotification+Extensions.swift in Sources */ = {isa = PBXBuildFile; fileRef = 86A3282F258F0E7100AC17F8 /* NSNotification+Extensions.swift */; };
		86D5E5AF25898E090099C2EE /* FilesRepository.swift in Sources */ = {isa = PBXBuildFile; fileRef = 86D5E5AE25898E090099C2EE /* FilesRepository.swift */; };
		86D5E5B025898E090099C2EE /* FilesRepository.swift in Sources */ = {isa = PBXBuildFile; fileRef = 86D5E5AE25898E090099C2EE /* FilesRepository.swift */; };
		86D5E5B325898E4C0099C2EE /* Entry.swift in Sources */ = {isa = PBXBuildFile; fileRef = 86D5E5B225898E4C0099C2EE /* Entry.swift */; };
		86D5E5B425898E4C0099C2EE /* Entry.swift in Sources */ = {isa = PBXBuildFile; fileRef = 86D5E5B225898E4C0099C2EE /* Entry.swift */; };
		86D5E5B7258990A00099C2EE /* Networking.framework in Frameworks */ = {isa = PBXBuildFile; fileRef = 86D5E5B6258990A00099C2EE /* Networking.framework */; };
		86D5E5B8258990A00099C2EE /* Networking.framework in Embed Frameworks */ = {isa = PBXBuildFile; fileRef = 86D5E5B6258990A00099C2EE /* Networking.framework */; settings = {ATTRIBUTES = (CodeSignOnCopy, RemoveHeadersOnCopy, ); }; };
		86D5E5BC258993C60099C2EE /* GetFilesInteractor.swift in Sources */ = {isa = PBXBuildFile; fileRef = 86D5E5BB258993C60099C2EE /* GetFilesInteractor.swift */; };
		86D5E5BD258993C60099C2EE /* GetFilesInteractor.swift in Sources */ = {isa = PBXBuildFile; fileRef = 86D5E5BB258993C60099C2EE /* GetFilesInteractor.swift */; };
		86D5E5C1258995380099C2EE /* FileBrowserViewModel.swift in Sources */ = {isa = PBXBuildFile; fileRef = 86D5E5C0258995380099C2EE /* FileBrowserViewModel.swift */; };
		86D5E5C2258995380099C2EE /* FileBrowserViewModel.swift in Sources */ = {isa = PBXBuildFile; fileRef = 86D5E5C0258995380099C2EE /* FileBrowserViewModel.swift */; };
		86D5E5C425899BC10099C2EE /* FileBrowserViewController.swift in Sources */ = {isa = PBXBuildFile; fileRef = 86D5E5C325899BC10099C2EE /* FileBrowserViewController.swift */; };
		86D5E5C525899BC10099C2EE /* FileBrowserViewController.swift in Sources */ = {isa = PBXBuildFile; fileRef = 86D5E5C325899BC10099C2EE /* FileBrowserViewController.swift */; };
		86D5E5C72589A1220099C2EE /* FileCollectionViewCell.swift in Sources */ = {isa = PBXBuildFile; fileRef = 86D5E5C62589A1220099C2EE /* FileCollectionViewCell.swift */; };
		86D5E5C82589A1220099C2EE /* FileCollectionViewCell.swift in Sources */ = {isa = PBXBuildFile; fileRef = 86D5E5C62589A1220099C2EE /* FileCollectionViewCell.swift */; };
		86D5E5CA2589C2110099C2EE /* FileBrowserCoordinator.swift in Sources */ = {isa = PBXBuildFile; fileRef = 86D5E5C92589C2110099C2EE /* FileBrowserCoordinator.swift */; };
		86D5E5CB2589C2110099C2EE /* FileBrowserCoordinator.swift in Sources */ = {isa = PBXBuildFile; fileRef = 86D5E5C92589C2110099C2EE /* FileBrowserCoordinator.swift */; };
		86D5E5CE2589CABF0099C2EE /* ViewAppearState.swift in Sources */ = {isa = PBXBuildFile; fileRef = 86D5E5CD2589CABF0099C2EE /* ViewAppearState.swift */; };
		86D5E5CF2589CABF0099C2EE /* ViewAppearState.swift in Sources */ = {isa = PBXBuildFile; fileRef = 86D5E5CD2589CABF0099C2EE /* ViewAppearState.swift */; };
		86D5E5D12589CADA0099C2EE /* BaseViewController.swift in Sources */ = {isa = PBXBuildFile; fileRef = 86D5E5D02589CADA0099C2EE /* BaseViewController.swift */; };
		86D5E5D22589CADA0099C2EE /* BaseViewController.swift in Sources */ = {isa = PBXBuildFile; fileRef = 86D5E5D02589CADA0099C2EE /* BaseViewController.swift */; };
		86D5E5D42589CB720099C2EE /* BaseViewModelType.swift in Sources */ = {isa = PBXBuildFile; fileRef = 86D5E5D32589CB720099C2EE /* BaseViewModelType.swift */; };
		86D5E5D52589CB720099C2EE /* BaseViewModelType.swift in Sources */ = {isa = PBXBuildFile; fileRef = 86D5E5D32589CB720099C2EE /* BaseViewModelType.swift */; };
		86D5E5D72589D0070099C2EE /* BaseViewModel.swift in Sources */ = {isa = PBXBuildFile; fileRef = 86D5E5D62589D0070099C2EE /* BaseViewModel.swift */; };
		86D5E5D82589D0070099C2EE /* BaseViewModel.swift in Sources */ = {isa = PBXBuildFile; fileRef = 86D5E5D62589D0070099C2EE /* BaseViewModel.swift */; };
		86D5E5DD2589E0110099C2EE /* DownloadFileInteractor.swift in Sources */ = {isa = PBXBuildFile; fileRef = 86D5E5DC2589E0110099C2EE /* DownloadFileInteractor.swift */; };
		86D5E5DE2589E0110099C2EE /* DownloadFileInteractor.swift in Sources */ = {isa = PBXBuildFile; fileRef = 86D5E5DC2589E0110099C2EE /* DownloadFileInteractor.swift */; };
		86D5E5E12589E2230099C2EE /* PDFViewerViewController.swift in Sources */ = {isa = PBXBuildFile; fileRef = 86D5E5E02589E2230099C2EE /* PDFViewerViewController.swift */; };
		86D5E5E22589E2230099C2EE /* PDFViewerViewController.swift in Sources */ = {isa = PBXBuildFile; fileRef = 86D5E5E02589E2230099C2EE /* PDFViewerViewController.swift */; };
		86FC3FAC258C4C5C0056B8FA /* AppError.swift in Sources */ = {isa = PBXBuildFile; fileRef = 86FC3FAB258C4C5C0056B8FA /* AppError.swift */; };
		86FC3FAD258C4C5C0056B8FA /* AppError.swift in Sources */ = {isa = PBXBuildFile; fileRef = 86FC3FAB258C4C5C0056B8FA /* AppError.swift */; };
		86FC3FAF258C58700056B8FA /* ErrorProcessor.swift in Sources */ = {isa = PBXBuildFile; fileRef = 86FC3FAE258C58700056B8FA /* ErrorProcessor.swift */; };
		86FC3FB0258C58700056B8FA /* ErrorProcessor.swift in Sources */ = {isa = PBXBuildFile; fileRef = 86FC3FAE258C58700056B8FA /* ErrorProcessor.swift */; };
		8ABC283713C4C943B087422B /* Pods_HourboxTests.framework in Frameworks */ = {isa = PBXBuildFile; fileRef = 50E7CF1D6A483692568AB696 /* Pods_HourboxTests.framework */; };
/* End PBXBuildFile section */

/* Begin PBXContainerItemProxy section */
		86544079258854C600839146 /* PBXContainerItemProxy */ = {
			isa = PBXContainerItemProxy;
			containerPortal = 8654405A258854C200839146 /* Project object */;
			proxyType = 1;
			remoteGlobalIDString = 86544061258854C200839146;
			remoteInfo = Hourbox;
		};
		86544084258854C600839146 /* PBXContainerItemProxy */ = {
			isa = PBXContainerItemProxy;
			containerPortal = 8654405A258854C200839146 /* Project object */;
			proxyType = 1;
			remoteGlobalIDString = 86544061258854C200839146;
			remoteInfo = Hourbox;
		};
/* End PBXContainerItemProxy section */

/* Begin PBXCopyFilesBuildPhase section */
		86D5E5B9258990A00099C2EE /* Embed Frameworks */ = {
			isa = PBXCopyFilesBuildPhase;
			buildActionMask = 2147483647;
			dstPath = "";
			dstSubfolderSpec = 10;
			files = (
				86D5E5B8258990A00099C2EE /* Networking.framework in Embed Frameworks */,
			);
			name = "Embed Frameworks";
			runOnlyForDeploymentPostprocessing = 0;
		};
/* End PBXCopyFilesBuildPhase section */

/* Begin PBXFileReference section */
		02696BF00EB34F54974EE819 /* Pods-Hourbox-HourboxUITests.debug.xcconfig */ = {isa = PBXFileReference; includeInIndex = 1; lastKnownFileType = text.xcconfig; name = "Pods-Hourbox-HourboxUITests.debug.xcconfig"; path = "Target Support Files/Pods-Hourbox-HourboxUITests/Pods-Hourbox-HourboxUITests.debug.xcconfig"; sourceTree = "<group>"; };
		236279740ED0FF27B844C275 /* Pods-HourboxTests.debug.xcconfig */ = {isa = PBXFileReference; includeInIndex = 1; lastKnownFileType = text.xcconfig; name = "Pods-HourboxTests.debug.xcconfig"; path = "Target Support Files/Pods-HourboxTests/Pods-HourboxTests.debug.xcconfig"; sourceTree = "<group>"; };
		3025E1F2215CF2B2B3862C8D /* Pods-Hourbox.debug.xcconfig */ = {isa = PBXFileReference; includeInIndex = 1; lastKnownFileType = text.xcconfig; name = "Pods-Hourbox.debug.xcconfig"; path = "Target Support Files/Pods-Hourbox/Pods-Hourbox.debug.xcconfig"; sourceTree = "<group>"; };
		50E7CF1D6A483692568AB696 /* Pods_HourboxTests.framework */ = {isa = PBXFileReference; explicitFileType = wrapper.framework; includeInIndex = 0; path = Pods_HourboxTests.framework; sourceTree = BUILT_PRODUCTS_DIR; };
		7331F79B69AAF57D6A93F556 /* Pods-Hourbox.release.xcconfig */ = {isa = PBXFileReference; includeInIndex = 1; lastKnownFileType = text.xcconfig; name = "Pods-Hourbox.release.xcconfig"; path = "Target Support Files/Pods-Hourbox/Pods-Hourbox.release.xcconfig"; sourceTree = "<group>"; };
		7BFD348B7FB41124F9008E4C /* Pods-HourboxTests.release.xcconfig */ = {isa = PBXFileReference; includeInIndex = 1; lastKnownFileType = text.xcconfig; name = "Pods-HourboxTests.release.xcconfig"; path = "Target Support Files/Pods-HourboxTests/Pods-HourboxTests.release.xcconfig"; sourceTree = "<group>"; };
		860F8899258AE14600954F15 /* ImageViewerViewController.swift */ = {isa = PBXFileReference; lastKnownFileType = sourcecode.swift; path = ImageViewerViewController.swift; sourceTree = "<group>"; };
		860F889D258AE88200954F15 /* SignInViewController.swift */ = {isa = PBXFileReference; lastKnownFileType = sourcecode.swift; path = SignInViewController.swift; sourceTree = "<group>"; };
		860F88A0258AEEFB00954F15 /* SignInViewModel.swift */ = {isa = PBXFileReference; lastKnownFileType = sourcecode.swift; path = SignInViewModel.swift; sourceTree = "<group>"; };
		860F88A3258AEF7A00954F15 /* SignInCoordinator.swift */ = {isa = PBXFileReference; lastKnownFileType = sourcecode.swift; path = SignInCoordinator.swift; sourceTree = "<group>"; };
		864A2188258AF9720013DB1B /* ApplicationCoordinator.swift */ = {isa = PBXFileReference; lastKnownFileType = sourcecode.swift; path = ApplicationCoordinator.swift; sourceTree = "<group>"; };
		864A218B258AFA150013DB1B /* ApplicactionViewController.swift */ = {isa = PBXFileReference; lastKnownFileType = sourcecode.swift; path = ApplicactionViewController.swift; sourceTree = "<group>"; };
		864A218E258AFA430013DB1B /* ApplicationViewModel.swift */ = {isa = PBXFileReference; lastKnownFileType = sourcecode.swift; path = ApplicationViewModel.swift; sourceTree = "<group>"; };
		864A2191258AFEFB0013DB1B /* StoreAccessTokenInteractor.swift */ = {isa = PBXFileReference; lastKnownFileType = sourcecode.swift; path = StoreAccessTokenInteractor.swift; sourceTree = "<group>"; };
		864A2194258AFF0B0013DB1B /* GetAccessTokenInteractor.swift */ = {isa = PBXFileReference; lastKnownFileType = sourcecode.swift; path = GetAccessTokenInteractor.swift; sourceTree = "<group>"; };
		864A2197258AFFBB0013DB1B /* AccessTokenRepository.swift */ = {isa = PBXFileReference; lastKnownFileType = sourcecode.swift; path = AccessTokenRepository.swift; sourceTree = "<group>"; };
		864A219A258B026E0013DB1B /* IsUserLoggedInInteractor.swift */ = {isa = PBXFileReference; lastKnownFileType = sourcecode.swift; path = IsUserLoggedInInteractor.swift; sourceTree = "<group>"; };
		864A219D258B0B240013DB1B /* RemoveAccessTokenInteractor.swift */ = {isa = PBXFileReference; lastKnownFileType = sourcecode.swift; path = RemoveAccessTokenInteractor.swift; sourceTree = "<group>"; };
		864A21A1258B17330013DB1B /* DI.swift */ = {isa = PBXFileReference; lastKnownFileType = sourcecode.swift; path = DI.swift; sourceTree = "<group>"; };
		86544062258854C200839146 /* Hourbox.app */ = {isa = PBXFileReference; explicitFileType = wrapper.application; includeInIndex = 0; path = Hourbox.app; sourceTree = BUILT_PRODUCTS_DIR; };
		86544065258854C200839146 /* AppDelegate.swift */ = {isa = PBXFileReference; lastKnownFileType = sourcecode.swift; path = AppDelegate.swift; sourceTree = "<group>"; };
		86544069258854C200839146 /* ViewController.swift */ = {isa = PBXFileReference; lastKnownFileType = sourcecode.swift; path = ViewController.swift; sourceTree = "<group>"; };
		8654406E258854C600839146 /* Assets.xcassets */ = {isa = PBXFileReference; lastKnownFileType = folder.assetcatalog; path = Assets.xcassets; sourceTree = "<group>"; };
		86544071258854C600839146 /* Base */ = {isa = PBXFileReference; lastKnownFileType = file.storyboard; name = Base; path = Base.lproj/LaunchScreen.storyboard; sourceTree = "<group>"; };
		86544073258854C600839146 /* Info.plist */ = {isa = PBXFileReference; lastKnownFileType = text.plist.xml; path = Info.plist; sourceTree = "<group>"; };
		86544078258854C600839146 /* HourboxTests.xctest */ = {isa = PBXFileReference; explicitFileType = wrapper.cfbundle; includeInIndex = 0; path = HourboxTests.xctest; sourceTree = BUILT_PRODUCTS_DIR; };
		8654407C258854C600839146 /* HourboxTests.swift */ = {isa = PBXFileReference; lastKnownFileType = sourcecode.swift; path = HourboxTests.swift; sourceTree = "<group>"; };
		8654407E258854C600839146 /* Info.plist */ = {isa = PBXFileReference; lastKnownFileType = text.plist.xml; path = Info.plist; sourceTree = "<group>"; };
		86544083258854C600839146 /* HourboxUITests.xctest */ = {isa = PBXFileReference; explicitFileType = wrapper.cfbundle; includeInIndex = 0; path = HourboxUITests.xctest; sourceTree = BUILT_PRODUCTS_DIR; };
		86544087258854C600839146 /* HourboxUITests.swift */ = {isa = PBXFileReference; lastKnownFileType = sourcecode.swift; path = HourboxUITests.swift; sourceTree = "<group>"; };
		86544089258854C600839146 /* Info.plist */ = {isa = PBXFileReference; lastKnownFileType = text.plist.xml; path = Info.plist; sourceTree = "<group>"; };
		86A32802258D241E00AC17F8 /* FileInformationDetailViewModel.swift */ = {isa = PBXFileReference; lastKnownFileType = sourcecode.swift; path = FileInformationDetailViewModel.swift; sourceTree = "<group>"; };
		86A32805258D297100AC17F8 /* FileInformationDetailViewController.swift */ = {isa = PBXFileReference; lastKnownFileType = sourcecode.swift; path = FileInformationDetailViewController.swift; sourceTree = "<group>"; };
		86A32809258EC17000AC17F8 /* UIViewController+Extensions.swift */ = {isa = PBXFileReference; lastKnownFileType = sourcecode.swift; path = "UIViewController+Extensions.swift"; sourceTree = "<group>"; };
		86A3280C258EC47300AC17F8 /* GetThumbnailInteractor.swift */ = {isa = PBXFileReference; lastKnownFileType = sourcecode.swift; path = GetThumbnailInteractor.swift; sourceTree = "<group>"; };
		86A3280F258ED84A00AC17F8 /* LogoutInteractor.swift */ = {isa = PBXFileReference; lastKnownFileType = sourcecode.swift; path = LogoutInteractor.swift; sourceTree = "<group>"; };
		86A32817258EE7A600AC17F8 /* Localizable.strings */ = {isa = PBXFileReference; lastKnownFileType = text.plist.strings; path = Localizable.strings; sourceTree = "<group>"; };
		86A3281A258EE97600AC17F8 /* Texts.swift */ = {isa = PBXFileReference; lastKnownFileType = sourcecode.swift; path = Texts.swift; sourceTree = "<group>"; };
		86A3281D258EE99900AC17F8 /* String+Extension.swift */ = {isa = PBXFileReference; lastKnownFileType = sourcecode.swift; path = "String+Extension.swift"; sourceTree = "<group>"; };
		86A32820258EF16200AC17F8 /* FileInformationContracts.swift */ = {isa = PBXFileReference; lastKnownFileType = sourcecode.swift; path = FileInformationContracts.swift; sourceTree = "<group>"; };
		86A32823258EFB0400AC17F8 /* FileBrowerContracts.swift */ = {isa = PBXFileReference; lastKnownFileType = sourcecode.swift; path = FileBrowerContracts.swift; sourceTree = "<group>"; };
		86A32826258EFC6400AC17F8 /* UIView+Extensions.swift */ = {isa = PBXFileReference; lastKnownFileType = sourcecode.swift; path = "UIView+Extensions.swift"; sourceTree = "<group>"; };
		86A32829258EFC9D00AC17F8 /* SkeletonCell.swift */ = {isa = PBXFileReference; lastKnownFileType = sourcecode.swift; path = SkeletonCell.swift; sourceTree = "<group>"; };
		86A3282C258F084D00AC17F8 /* FileBrowserCollectionAdapter.swift */ = {isa = PBXFileReference; lastKnownFileType = sourcecode.swift; path = FileBrowserCollectionAdapter.swift; sourceTree = "<group>"; };
		86A3282F258F0E7100AC17F8 /* NSNotification+Extensions.swift */ = {isa = PBXFileReference; lastKnownFileType = sourcecode.swift; path = "NSNotification+Extensions.swift"; sourceTree = "<group>"; };
		86D5E5AE25898E090099C2EE /* FilesRepository.swift */ = {isa = PBXFileReference; lastKnownFileType = sourcecode.swift; path = FilesRepository.swift; sourceTree = "<group>"; };
		86D5E5B225898E4C0099C2EE /* Entry.swift */ = {isa = PBXFileReference; lastKnownFileType = sourcecode.swift; path = Entry.swift; sourceTree = "<group>"; };
		86D5E5B6258990A00099C2EE /* Networking.framework */ = {isa = PBXFileReference; explicitFileType = wrapper.framework; path = Networking.framework; sourceTree = BUILT_PRODUCTS_DIR; };
		86D5E5BB258993C60099C2EE /* GetFilesInteractor.swift */ = {isa = PBXFileReference; lastKnownFileType = sourcecode.swift; path = GetFilesInteractor.swift; sourceTree = "<group>"; };
		86D5E5C0258995380099C2EE /* FileBrowserViewModel.swift */ = {isa = PBXFileReference; lastKnownFileType = sourcecode.swift; path = FileBrowserViewModel.swift; sourceTree = "<group>"; };
		86D5E5C325899BC10099C2EE /* FileBrowserViewController.swift */ = {isa = PBXFileReference; lastKnownFileType = sourcecode.swift; path = FileBrowserViewController.swift; sourceTree = "<group>"; };
		86D5E5C62589A1220099C2EE /* FileCollectionViewCell.swift */ = {isa = PBXFileReference; lastKnownFileType = sourcecode.swift; path = FileCollectionViewCell.swift; sourceTree = "<group>"; };
		86D5E5C92589C2110099C2EE /* FileBrowserCoordinator.swift */ = {isa = PBXFileReference; lastKnownFileType = sourcecode.swift; path = FileBrowserCoordinator.swift; sourceTree = "<group>"; };
		86D5E5CD2589CABF0099C2EE /* ViewAppearState.swift */ = {isa = PBXFileReference; lastKnownFileType = sourcecode.swift; path = ViewAppearState.swift; sourceTree = "<group>"; };
		86D5E5D02589CADA0099C2EE /* BaseViewController.swift */ = {isa = PBXFileReference; lastKnownFileType = sourcecode.swift; path = BaseViewController.swift; sourceTree = "<group>"; };
		86D5E5D32589CB720099C2EE /* BaseViewModelType.swift */ = {isa = PBXFileReference; lastKnownFileType = sourcecode.swift; path = BaseViewModelType.swift; sourceTree = "<group>"; };
		86D5E5D62589D0070099C2EE /* BaseViewModel.swift */ = {isa = PBXFileReference; lastKnownFileType = sourcecode.swift; path = BaseViewModel.swift; sourceTree = "<group>"; };
		86D5E5DC2589E0110099C2EE /* DownloadFileInteractor.swift */ = {isa = PBXFileReference; lastKnownFileType = sourcecode.swift; path = DownloadFileInteractor.swift; sourceTree = "<group>"; };
		86D5E5E02589E2230099C2EE /* PDFViewerViewController.swift */ = {isa = PBXFileReference; lastKnownFileType = sourcecode.swift; path = PDFViewerViewController.swift; sourceTree = "<group>"; };
		86FC3FAB258C4C5C0056B8FA /* AppError.swift */ = {isa = PBXFileReference; lastKnownFileType = sourcecode.swift; path = AppError.swift; sourceTree = "<group>"; };
		86FC3FAE258C58700056B8FA /* ErrorProcessor.swift */ = {isa = PBXFileReference; lastKnownFileType = sourcecode.swift; path = ErrorProcessor.swift; sourceTree = "<group>"; };
		A48F4B01AA9772381205B317 /* Pods-Hourbox-HourboxUITests.release.xcconfig */ = {isa = PBXFileReference; includeInIndex = 1; lastKnownFileType = text.xcconfig; name = "Pods-Hourbox-HourboxUITests.release.xcconfig"; path = "Target Support Files/Pods-Hourbox-HourboxUITests/Pods-Hourbox-HourboxUITests.release.xcconfig"; sourceTree = "<group>"; };
		D23079407410EC5109F45BFF /* Pods_Hourbox_HourboxUITests.framework */ = {isa = PBXFileReference; explicitFileType = wrapper.framework; includeInIndex = 0; path = Pods_Hourbox_HourboxUITests.framework; sourceTree = BUILT_PRODUCTS_DIR; };
		FAD9A7775BB0DFB53FCF47AF /* Pods_Hourbox.framework */ = {isa = PBXFileReference; explicitFileType = wrapper.framework; includeInIndex = 0; path = Pods_Hourbox.framework; sourceTree = BUILT_PRODUCTS_DIR; };
/* End PBXFileReference section */

/* Begin PBXFrameworksBuildPhase section */
		8654405F258854C200839146 /* Frameworks */ = {
			isa = PBXFrameworksBuildPhase;
			buildActionMask = 2147483647;
			files = (
				86D5E5B7258990A00099C2EE /* Networking.framework in Frameworks */,
				49CE8C91D7ACFA5815074605 /* Pods_Hourbox.framework in Frameworks */,
			);
			runOnlyForDeploymentPostprocessing = 0;
		};
		86544075258854C600839146 /* Frameworks */ = {
			isa = PBXFrameworksBuildPhase;
			buildActionMask = 2147483647;
			files = (
				8ABC283713C4C943B087422B /* Pods_HourboxTests.framework in Frameworks */,
			);
			runOnlyForDeploymentPostprocessing = 0;
		};
		86544080258854C600839146 /* Frameworks */ = {
			isa = PBXFrameworksBuildPhase;
			buildActionMask = 2147483647;
			files = (
				4F0572CAE46550389FDAAFC6 /* Pods_Hourbox_HourboxUITests.framework in Frameworks */,
			);
			runOnlyForDeploymentPostprocessing = 0;
		};
/* End PBXFrameworksBuildPhase section */

/* Begin PBXGroup section */
		860F8898258AE11A00954F15 /* ImageViewer */ = {
			isa = PBXGroup;
			children = (
				860F8899258AE14600954F15 /* ImageViewerViewController.swift */,
			);
			path = ImageViewer;
			sourceTree = "<group>";
		};
		860F889C258AE86800954F15 /* SignIn */ = {
			isa = PBXGroup;
			children = (
				860F889D258AE88200954F15 /* SignInViewController.swift */,
				860F88A0258AEEFB00954F15 /* SignInViewModel.swift */,
				860F88A3258AEF7A00954F15 /* SignInCoordinator.swift */,
			);
			path = SignIn;
			sourceTree = "<group>";
		};
		864A2187258AF95A0013DB1B /* Application */ = {
			isa = PBXGroup;
			children = (
				864A2188258AF9720013DB1B /* ApplicationCoordinator.swift */,
				864A218B258AFA150013DB1B /* ApplicactionViewController.swift */,
				864A218E258AFA430013DB1B /* ApplicationViewModel.swift */,
			);
			path = Application;
			sourceTree = "<group>";
		};
		864A21A0258B17230013DB1B /* DI */ = {
			isa = PBXGroup;
			children = (
				864A21A1258B17330013DB1B /* DI.swift */,
			);
			path = DI;
			sourceTree = "<group>";
		};
		86544059258854C200839146 = {
			isa = PBXGroup;
			children = (
				86544064258854C200839146 /* Hourbox */,
				8654407B258854C600839146 /* HourboxTests */,
				86544086258854C600839146 /* HourboxUITests */,
				86544063258854C200839146 /* Products */,
				86D5E5B5258990A00099C2EE /* Frameworks */,
				D816786687DB1D430E0A14FC /* Pods */,
			);
			sourceTree = "<group>";
		};
		86544063258854C200839146 /* Products */ = {
			isa = PBXGroup;
			children = (
				86544062258854C200839146 /* Hourbox.app */,
				86544078258854C600839146 /* HourboxTests.xctest */,
				86544083258854C600839146 /* HourboxUITests.xctest */,
			);
			name = Products;
			sourceTree = "<group>";
		};
		86544064258854C200839146 /* Hourbox */ = {
			isa = PBXGroup;
			children = (
				86544065258854C200839146 /* AppDelegate.swift */,
				86544069258854C200839146 /* ViewController.swift */,
				86D5E5BE258995100099C2EE /* Modules */,
				86D5E5AC25898DE20099C2EE /* Core */,
				86A32808258EC15700AC17F8 /* Extensions */,
				86D5E5CC2589CAA40099C2EE /* Utils */,
				86A32812258EE56100AC17F8 /* Misc */,
				8654406E258854C600839146 /* Assets.xcassets */,
				86544070258854C600839146 /* LaunchScreen.storyboard */,
				86544073258854C600839146 /* Info.plist */,
			);
			path = Hourbox;
			sourceTree = "<group>";
		};
		8654407B258854C600839146 /* HourboxTests */ = {
			isa = PBXGroup;
			children = (
				8654407C258854C600839146 /* HourboxTests.swift */,
				8654407E258854C600839146 /* Info.plist */,
			);
			path = HourboxTests;
			sourceTree = "<group>";
		};
		86544086258854C600839146 /* HourboxUITests */ = {
			isa = PBXGroup;
			children = (
				86544087258854C600839146 /* HourboxUITests.swift */,
				86544089258854C600839146 /* Info.plist */,
			);
			path = HourboxUITests;
			sourceTree = "<group>";
		};
		86A32801258D23F000AC17F8 /* FileInformationDetail */ = {
			isa = PBXGroup;
			children = (
				86A32802258D241E00AC17F8 /* FileInformationDetailViewModel.swift */,
				86A32805258D297100AC17F8 /* FileInformationDetailViewController.swift */,
				86A32820258EF16200AC17F8 /* FileInformationContracts.swift */,
			);
			path = FileInformationDetail;
			sourceTree = "<group>";
		};
		86A32808258EC15700AC17F8 /* Extensions */ = {
			isa = PBXGroup;
			children = (
				86A32809258EC17000AC17F8 /* UIViewController+Extensions.swift */,
				86A3281D258EE99900AC17F8 /* String+Extension.swift */,
				86A32826258EFC6400AC17F8 /* UIView+Extensions.swift */,
				86A3282F258F0E7100AC17F8 /* NSNotification+Extensions.swift */,
			);
			path = Extensions;
			sourceTree = "<group>";
		};
		86A32812258EE56100AC17F8 /* Misc */ = {
			isa = PBXGroup;
			children = (
				86A32817258EE7A600AC17F8 /* Localizable.strings */,
			);
			path = Misc;
			sourceTree = "<group>";
		};
		86D5E5AC25898DE20099C2EE /* Core */ = {
			isa = PBXGroup;
			children = (
				86FC3FAA258C4C2E0056B8FA /* Errors */,
				864A21A0258B17230013DB1B /* DI */,
				86D5E5BA258993B00099C2EE /* Interactors */,
				86D5E5B125898E330099C2EE /* Model */,
				86D5E5AD25898DEF0099C2EE /* Repositories */,
			);
			path = Core;
			sourceTree = "<group>";
		};
		86D5E5AD25898DEF0099C2EE /* Repositories */ = {
			isa = PBXGroup;
			children = (
				86D5E5AE25898E090099C2EE /* FilesRepository.swift */,
				864A2197258AFFBB0013DB1B /* AccessTokenRepository.swift */,
			);
			path = Repositories;
			sourceTree = "<group>";
		};
		86D5E5B125898E330099C2EE /* Model */ = {
			isa = PBXGroup;
			children = (
				86D5E5B225898E4C0099C2EE /* Entry.swift */,
			);
			path = Model;
			sourceTree = "<group>";
		};
		86D5E5B5258990A00099C2EE /* Frameworks */ = {
			isa = PBXGroup;
			children = (
				86D5E5B6258990A00099C2EE /* Networking.framework */,
				FAD9A7775BB0DFB53FCF47AF /* Pods_Hourbox.framework */,
				D23079407410EC5109F45BFF /* Pods_Hourbox_HourboxUITests.framework */,
				50E7CF1D6A483692568AB696 /* Pods_HourboxTests.framework */,
			);
			name = Frameworks;
			sourceTree = "<group>";
		};
		86D5E5BA258993B00099C2EE /* Interactors */ = {
			isa = PBXGroup;
			children = (
				86D5E5BB258993C60099C2EE /* GetFilesInteractor.swift */,
				86D5E5DC2589E0110099C2EE /* DownloadFileInteractor.swift */,
				864A2191258AFEFB0013DB1B /* StoreAccessTokenInteractor.swift */,
				864A219D258B0B240013DB1B /* RemoveAccessTokenInteractor.swift */,
				864A2194258AFF0B0013DB1B /* GetAccessTokenInteractor.swift */,
				864A219A258B026E0013DB1B /* IsUserLoggedInInteractor.swift */,
				86A3280C258EC47300AC17F8 /* GetThumbnailInteractor.swift */,
				86A3280F258ED84A00AC17F8 /* LogoutInteractor.swift */,
			);
			path = Interactors;
			sourceTree = "<group>";
		};
		86D5E5BE258995100099C2EE /* Modules */ = {
			isa = PBXGroup;
			children = (
				86D5E5D02589CADA0099C2EE /* BaseViewController.swift */,
				86D5E5D32589CB720099C2EE /* BaseViewModelType.swift */,
				86D5E5D62589D0070099C2EE /* BaseViewModel.swift */,
				864A2187258AF95A0013DB1B /* Application */,
				860F889C258AE86800954F15 /* SignIn */,
				860F8898258AE11A00954F15 /* ImageViewer */,
				86D5E5DF2589E20C0099C2EE /* PDFViewer */,
				86D5E5BF2589951E0099C2EE /* FileBrowser */,
				86A32801258D23F000AC17F8 /* FileInformationDetail */,
			);
			path = Modules;
			sourceTree = "<group>";
		};
		86D5E5BF2589951E0099C2EE /* FileBrowser */ = {
			isa = PBXGroup;
			children = (
				86D5E5C0258995380099C2EE /* FileBrowserViewModel.swift */,
				86D5E5C325899BC10099C2EE /* FileBrowserViewController.swift */,
				86D5E5C62589A1220099C2EE /* FileCollectionViewCell.swift */,
				86D5E5C92589C2110099C2EE /* FileBrowserCoordinator.swift */,
				86A32823258EFB0400AC17F8 /* FileBrowerContracts.swift */,
				86A32829258EFC9D00AC17F8 /* SkeletonCell.swift */,
				86A3282C258F084D00AC17F8 /* FileBrowserCollectionAdapter.swift */,
			);
			path = FileBrowser;
			sourceTree = "<group>";
		};
		86D5E5CC2589CAA40099C2EE /* Utils */ = {
			isa = PBXGroup;
			children = (
				86D5E5CD2589CABF0099C2EE /* ViewAppearState.swift */,
				86A3281A258EE97600AC17F8 /* Texts.swift */,
			);
			path = Utils;
			sourceTree = "<group>";
		};
		86D5E5DF2589E20C0099C2EE /* PDFViewer */ = {
			isa = PBXGroup;
			children = (
				86D5E5E02589E2230099C2EE /* PDFViewerViewController.swift */,
			);
			path = PDFViewer;
			sourceTree = "<group>";
		};
		86FC3FAA258C4C2E0056B8FA /* Errors */ = {
			isa = PBXGroup;
			children = (
				86FC3FAB258C4C5C0056B8FA /* AppError.swift */,
				86FC3FAE258C58700056B8FA /* ErrorProcessor.swift */,
			);
			path = Errors;
			sourceTree = "<group>";
		};
		D816786687DB1D430E0A14FC /* Pods */ = {
			isa = PBXGroup;
			children = (
				3025E1F2215CF2B2B3862C8D /* Pods-Hourbox.debug.xcconfig */,
				7331F79B69AAF57D6A93F556 /* Pods-Hourbox.release.xcconfig */,
				02696BF00EB34F54974EE819 /* Pods-Hourbox-HourboxUITests.debug.xcconfig */,
				A48F4B01AA9772381205B317 /* Pods-Hourbox-HourboxUITests.release.xcconfig */,
				236279740ED0FF27B844C275 /* Pods-HourboxTests.debug.xcconfig */,
				7BFD348B7FB41124F9008E4C /* Pods-HourboxTests.release.xcconfig */,
			);
			path = Pods;
			sourceTree = "<group>";
		};
/* End PBXGroup section */

/* Begin PBXNativeTarget section */
		86544061258854C200839146 /* Hourbox */ = {
			isa = PBXNativeTarget;
			buildConfigurationList = 8654408C258854C600839146 /* Build configuration list for PBXNativeTarget "Hourbox" */;
			buildPhases = (
				53A250B0135D0B94132A181A /* [CP] Check Pods Manifest.lock */,
				8654405E258854C200839146 /* Sources */,
				8654405F258854C200839146 /* Frameworks */,
				86544060258854C200839146 /* Resources */,
				86D5E5B9258990A00099C2EE /* Embed Frameworks */,
				94122DA6FAA1493A6E913171 /* [CP] Embed Pods Frameworks */,
			);
			buildRules = (
			);
			dependencies = (
			);
			name = Hourbox;
			productName = Hourbox;
			productReference = 86544062258854C200839146 /* Hourbox.app */;
			productType = "com.apple.product-type.application";
		};
		86544077258854C600839146 /* HourboxTests */ = {
			isa = PBXNativeTarget;
			buildConfigurationList = 8654408F258854C600839146 /* Build configuration list for PBXNativeTarget "HourboxTests" */;
			buildPhases = (
				430C73FDE5C6335762F53D3A /* [CP] Check Pods Manifest.lock */,
				86544074258854C600839146 /* Sources */,
				86544075258854C600839146 /* Frameworks */,
				86544076258854C600839146 /* Resources */,
			);
			buildRules = (
			);
			dependencies = (
				8654407A258854C600839146 /* PBXTargetDependency */,
			);
			name = HourboxTests;
			productName = HourboxTests;
			productReference = 86544078258854C600839146 /* HourboxTests.xctest */;
			productType = "com.apple.product-type.bundle.unit-test";
		};
		86544082258854C600839146 /* HourboxUITests */ = {
			isa = PBXNativeTarget;
			buildConfigurationList = 86544092258854C600839146 /* Build configuration list for PBXNativeTarget "HourboxUITests" */;
			buildPhases = (
				82C24AD9436A4BC3D81DFA1B /* [CP] Check Pods Manifest.lock */,
				8654407F258854C600839146 /* Sources */,
				86544080258854C600839146 /* Frameworks */,
				86544081258854C600839146 /* Resources */,
				5763E06FC304AABDB6382F00 /* [CP] Embed Pods Frameworks */,
			);
			buildRules = (
			);
			dependencies = (
				86544085258854C600839146 /* PBXTargetDependency */,
			);
			name = HourboxUITests;
			productName = HourboxUITests;
			productReference = 86544083258854C600839146 /* HourboxUITests.xctest */;
			productType = "com.apple.product-type.bundle.ui-testing";
		};
/* End PBXNativeTarget section */

/* Begin PBXProject section */
		8654405A258854C200839146 /* Project object */ = {
			isa = PBXProject;
			attributes = {
				LastSwiftUpdateCheck = 1170;
				LastUpgradeCheck = 1170;
				ORGANIZATIONNAME = "Felipe & Co. Studios";
				TargetAttributes = {
					86544061258854C200839146 = {
						CreatedOnToolsVersion = 11.7;
					};
					86544077258854C600839146 = {
						CreatedOnToolsVersion = 11.7;
						TestTargetID = 86544061258854C200839146;
					};
					86544082258854C600839146 = {
						CreatedOnToolsVersion = 11.7;
						TestTargetID = 86544061258854C200839146;
					};
				};
			};
			buildConfigurationList = 8654405D258854C200839146 /* Build configuration list for PBXProject "Hourbox" */;
			compatibilityVersion = "Xcode 9.3";
			developmentRegion = en;
			hasScannedForEncodings = 0;
			knownRegions = (
				en,
				Base,
			);
			mainGroup = 86544059258854C200839146;
			productRefGroup = 86544063258854C200839146 /* Products */;
			projectDirPath = "";
			projectRoot = "";
			targets = (
				86544061258854C200839146 /* Hourbox */,
				86544077258854C600839146 /* HourboxTests */,
				86544082258854C600839146 /* HourboxUITests */,
			);
		};
/* End PBXProject section */

/* Begin PBXResourcesBuildPhase section */
		86544060258854C200839146 /* Resources */ = {
			isa = PBXResourcesBuildPhase;
			buildActionMask = 2147483647;
			files = (
				86544072258854C600839146 /* LaunchScreen.storyboard in Resources */,
				86A32818258EE7A600AC17F8 /* Localizable.strings in Resources */,
				8654406F258854C600839146 /* Assets.xcassets in Resources */,
			);
			runOnlyForDeploymentPostprocessing = 0;
		};
		86544076258854C600839146 /* Resources */ = {
			isa = PBXResourcesBuildPhase;
			buildActionMask = 2147483647;
			files = (
				86A32819258EE7A600AC17F8 /* Localizable.strings in Resources */,
			);
			runOnlyForDeploymentPostprocessing = 0;
		};
		86544081258854C600839146 /* Resources */ = {
			isa = PBXResourcesBuildPhase;
			buildActionMask = 2147483647;
			files = (
			);
			runOnlyForDeploymentPostprocessing = 0;
		};
/* End PBXResourcesBuildPhase section */

/* Begin PBXShellScriptBuildPhase section */
		430C73FDE5C6335762F53D3A /* [CP] Check Pods Manifest.lock */ = {
			isa = PBXShellScriptBuildPhase;
			buildActionMask = 2147483647;
			files = (
			);
			inputFileListPaths = (
			);
			inputPaths = (
				"${PODS_PODFILE_DIR_PATH}/Podfile.lock",
				"${PODS_ROOT}/Manifest.lock",
			);
			name = "[CP] Check Pods Manifest.lock";
			outputFileListPaths = (
			);
			outputPaths = (
				"$(DERIVED_FILE_DIR)/Pods-HourboxTests-checkManifestLockResult.txt",
			);
			runOnlyForDeploymentPostprocessing = 0;
			shellPath = /bin/sh;
			shellScript = "diff \"${PODS_PODFILE_DIR_PATH}/Podfile.lock\" \"${PODS_ROOT}/Manifest.lock\" > /dev/null\nif [ $? != 0 ] ; then\n    # print error to STDERR\n    echo \"error: The sandbox is not in sync with the Podfile.lock. Run 'pod install' or update your CocoaPods installation.\" >&2\n    exit 1\nfi\n# This output is used by Xcode 'outputs' to avoid re-running this script phase.\necho \"SUCCESS\" > \"${SCRIPT_OUTPUT_FILE_0}\"\n";
			showEnvVarsInLog = 0;
		};
		53A250B0135D0B94132A181A /* [CP] Check Pods Manifest.lock */ = {
			isa = PBXShellScriptBuildPhase;
			buildActionMask = 2147483647;
			files = (
			);
			inputFileListPaths = (
			);
			inputPaths = (
				"${PODS_PODFILE_DIR_PATH}/Podfile.lock",
				"${PODS_ROOT}/Manifest.lock",
			);
			name = "[CP] Check Pods Manifest.lock";
			outputFileListPaths = (
			);
			outputPaths = (
				"$(DERIVED_FILE_DIR)/Pods-Hourbox-checkManifestLockResult.txt",
			);
			runOnlyForDeploymentPostprocessing = 0;
			shellPath = /bin/sh;
			shellScript = "diff \"${PODS_PODFILE_DIR_PATH}/Podfile.lock\" \"${PODS_ROOT}/Manifest.lock\" > /dev/null\nif [ $? != 0 ] ; then\n    # print error to STDERR\n    echo \"error: The sandbox is not in sync with the Podfile.lock. Run 'pod install' or update your CocoaPods installation.\" >&2\n    exit 1\nfi\n# This output is used by Xcode 'outputs' to avoid re-running this script phase.\necho \"SUCCESS\" > \"${SCRIPT_OUTPUT_FILE_0}\"\n";
			showEnvVarsInLog = 0;
		};
		5763E06FC304AABDB6382F00 /* [CP] Embed Pods Frameworks */ = {
			isa = PBXShellScriptBuildPhase;
			buildActionMask = 2147483647;
			files = (
			);
			inputFileListPaths = (
				"${PODS_ROOT}/Target Support Files/Pods-Hourbox-HourboxUITests/Pods-Hourbox-HourboxUITests-frameworks-${CONFIGURATION}-input-files.xcfilelist",
			);
			name = "[CP] Embed Pods Frameworks";
			outputFileListPaths = (
				"${PODS_ROOT}/Target Support Files/Pods-Hourbox-HourboxUITests/Pods-Hourbox-HourboxUITests-frameworks-${CONFIGURATION}-output-files.xcfilelist",
			);
			runOnlyForDeploymentPostprocessing = 0;
			shellPath = /bin/sh;
			shellScript = "\"${PODS_ROOT}/Target Support Files/Pods-Hourbox-HourboxUITests/Pods-Hourbox-HourboxUITests-frameworks.sh\"\n";
			showEnvVarsInLog = 0;
		};
		82C24AD9436A4BC3D81DFA1B /* [CP] Check Pods Manifest.lock */ = {
			isa = PBXShellScriptBuildPhase;
			buildActionMask = 2147483647;
			files = (
			);
			inputFileListPaths = (
			);
			inputPaths = (
				"${PODS_PODFILE_DIR_PATH}/Podfile.lock",
				"${PODS_ROOT}/Manifest.lock",
			);
			name = "[CP] Check Pods Manifest.lock";
			outputFileListPaths = (
			);
			outputPaths = (
				"$(DERIVED_FILE_DIR)/Pods-Hourbox-HourboxUITests-checkManifestLockResult.txt",
			);
			runOnlyForDeploymentPostprocessing = 0;
			shellPath = /bin/sh;
			shellScript = "diff \"${PODS_PODFILE_DIR_PATH}/Podfile.lock\" \"${PODS_ROOT}/Manifest.lock\" > /dev/null\nif [ $? != 0 ] ; then\n    # print error to STDERR\n    echo \"error: The sandbox is not in sync with the Podfile.lock. Run 'pod install' or update your CocoaPods installation.\" >&2\n    exit 1\nfi\n# This output is used by Xcode 'outputs' to avoid re-running this script phase.\necho \"SUCCESS\" > \"${SCRIPT_OUTPUT_FILE_0}\"\n";
			showEnvVarsInLog = 0;
		};
		94122DA6FAA1493A6E913171 /* [CP] Embed Pods Frameworks */ = {
			isa = PBXShellScriptBuildPhase;
			buildActionMask = 2147483647;
			files = (
			);
			inputFileListPaths = (
				"${PODS_ROOT}/Target Support Files/Pods-Hourbox/Pods-Hourbox-frameworks-${CONFIGURATION}-input-files.xcfilelist",
			);
			name = "[CP] Embed Pods Frameworks";
			outputFileListPaths = (
				"${PODS_ROOT}/Target Support Files/Pods-Hourbox/Pods-Hourbox-frameworks-${CONFIGURATION}-output-files.xcfilelist",
			);
			runOnlyForDeploymentPostprocessing = 0;
			shellPath = /bin/sh;
			shellScript = "\"${PODS_ROOT}/Target Support Files/Pods-Hourbox/Pods-Hourbox-frameworks.sh\"\n";
			showEnvVarsInLog = 0;
		};
/* End PBXShellScriptBuildPhase section */

/* Begin PBXSourcesBuildPhase section */
		8654405E258854C200839146 /* Sources */ = {
			isa = PBXSourcesBuildPhase;
			buildActionMask = 2147483647;
			files = (
				86A3282A258EFC9D00AC17F8 /* SkeletonCell.swift in Sources */,
				86D5E5DD2589E0110099C2EE /* DownloadFileInteractor.swift in Sources */,
				864A218F258AFA430013DB1B /* ApplicationViewModel.swift in Sources */,
				86D5E5BC258993C60099C2EE /* GetFilesInteractor.swift in Sources */,
				86D5E5C1258995380099C2EE /* FileBrowserViewModel.swift in Sources */,
				86A3280D258EC47300AC17F8 /* GetThumbnailInteractor.swift in Sources */,
				86D5E5D12589CADA0099C2EE /* BaseViewController.swift in Sources */,
				86D5E5B325898E4C0099C2EE /* Entry.swift in Sources */,
				8654406A258854C200839146 /* ViewController.swift in Sources */,
				86D5E5AF25898E090099C2EE /* FilesRepository.swift in Sources */,
				860F889E258AE88200954F15 /* SignInViewController.swift in Sources */,
				86D5E5CA2589C2110099C2EE /* FileBrowserCoordinator.swift in Sources */,
				864A2195258AFF0B0013DB1B /* GetAccessTokenInteractor.swift in Sources */,
				86FC3FAF258C58700056B8FA /* ErrorProcessor.swift in Sources */,
				864A2192258AFEFB0013DB1B /* StoreAccessTokenInteractor.swift in Sources */,
				86D5E5D72589D0070099C2EE /* BaseViewModel.swift in Sources */,
				86D5E5D42589CB720099C2EE /* BaseViewModelType.swift in Sources */,
				86D5E5C425899BC10099C2EE /* FileBrowserViewController.swift in Sources */,
				864A2198258AFFBB0013DB1B /* AccessTokenRepository.swift in Sources */,
				86A32821258EF16200AC17F8 /* FileInformationContracts.swift in Sources */,
				86D5E5C72589A1220099C2EE /* FileCollectionViewCell.swift in Sources */,
				86D5E5E12589E2230099C2EE /* PDFViewerViewController.swift in Sources */,
				86A32824258EFB0400AC17F8 /* FileBrowerContracts.swift in Sources */,
				86A32827258EFC6400AC17F8 /* UIView+Extensions.swift in Sources */,
				86A3281E258EE99900AC17F8 /* String+Extension.swift in Sources */,
				864A219B258B026E0013DB1B /* IsUserLoggedInInteractor.swift in Sources */,
				860F88A1258AEEFB00954F15 /* SignInViewModel.swift in Sources */,
				864A21A2258B17330013DB1B /* DI.swift in Sources */,
				86A32810258ED84A00AC17F8 /* LogoutInteractor.swift in Sources */,
				86A32830258F0E7100AC17F8 /* NSNotification+Extensions.swift in Sources */,
				864A218C258AFA160013DB1B /* ApplicactionViewController.swift in Sources */,
				86A3282D258F084D00AC17F8 /* FileBrowserCollectionAdapter.swift in Sources */,
				864A219E258B0B240013DB1B /* RemoveAccessTokenInteractor.swift in Sources */,
				864A2189258AF9720013DB1B /* ApplicationCoordinator.swift in Sources */,
				86544066258854C200839146 /* AppDelegate.swift in Sources */,
				860F88A4258AEF7A00954F15 /* SignInCoordinator.swift in Sources */,
				86A32803258D241E00AC17F8 /* FileInformationDetailViewModel.swift in Sources */,
				86A3281B258EE97600AC17F8 /* Texts.swift in Sources */,
				86A3280A258EC17000AC17F8 /* UIViewController+Extensions.swift in Sources */,
				86A32806258D297100AC17F8 /* FileInformationDetailViewController.swift in Sources */,
				860F889A258AE14600954F15 /* ImageViewerViewController.swift in Sources */,
				86FC3FAC258C4C5C0056B8FA /* AppError.swift in Sources */,
				86D5E5CE2589CABF0099C2EE /* ViewAppearState.swift in Sources */,
			);
			runOnlyForDeploymentPostprocessing = 0;
		};
		86544074258854C600839146 /* Sources */ = {
			isa = PBXSourcesBuildPhase;
			buildActionMask = 2147483647;
			files = (
				864A219F258B0B240013DB1B /* RemoveAccessTokenInteractor.swift in Sources */,
				86D5E5B425898E4C0099C2EE /* Entry.swift in Sources */,
				864A2196258AFF0B0013DB1B /* GetAccessTokenInteractor.swift in Sources */,
				864A2190258AFA430013DB1B /* ApplicationViewModel.swift in Sources */,
				86D5E5E22589E2230099C2EE /* PDFViewerViewController.swift in Sources */,
				86D5E5C82589A1220099C2EE /* FileCollectionViewCell.swift in Sources */,
				86A3282E258F084D00AC17F8 /* FileBrowserCollectionAdapter.swift in Sources */,
				860F889B258AE14600954F15 /* ImageViewerViewController.swift in Sources */,
				860F88A5258AEF7A00954F15 /* SignInCoordinator.swift in Sources */,
				86A3281C258EE97600AC17F8 /* Texts.swift in Sources */,
				86D5E5BD258993C60099C2EE /* GetFilesInteractor.swift in Sources */,
				86A3282B258EFC9D00AC17F8 /* SkeletonCell.swift in Sources */,
				8654407D258854C600839146 /* HourboxTests.swift in Sources */,
				864A2199258AFFBB0013DB1B /* AccessTokenRepository.swift in Sources */,
				86D5E5C2258995380099C2EE /* FileBrowserViewModel.swift in Sources */,
				864A2193258AFEFB0013DB1B /* StoreAccessTokenInteractor.swift in Sources */,
				86D5E5D82589D0070099C2EE /* BaseViewModel.swift in Sources */,
				86D5E5D22589CADA0099C2EE /* BaseViewController.swift in Sources */,
				86A32822258EF16200AC17F8 /* FileInformationContracts.swift in Sources */,
				860F88A2258AEEFB00954F15 /* SignInViewModel.swift in Sources */,
				86A32828258EFC6400AC17F8 /* UIView+Extensions.swift in Sources */,
				86D5E5B025898E090099C2EE /* FilesRepository.swift in Sources */,
				86D5E5D52589CB720099C2EE /* BaseViewModelType.swift in Sources */,
				86A32804258D241E00AC17F8 /* FileInformationDetailViewModel.swift in Sources */,
				86D5E5C525899BC10099C2EE /* FileBrowserViewController.swift in Sources */,
				86A3281F258EE99900AC17F8 /* String+Extension.swift in Sources */,
				864A218D258AFA160013DB1B /* ApplicactionViewController.swift in Sources */,
				86A32825258EFB0400AC17F8 /* FileBrowerContracts.swift in Sources */,
				86FC3FAD258C4C5C0056B8FA /* AppError.swift in Sources */,
				864A21A3258B17330013DB1B /* DI.swift in Sources */,
				860F889F258AE88200954F15 /* SignInViewController.swift in Sources */,
				864A219C258B026E0013DB1B /* IsUserLoggedInInteractor.swift in Sources */,
				864A218A258AF9720013DB1B /* ApplicationCoordinator.swift in Sources */,
				86A32831258F0E7100AC17F8 /* NSNotification+Extensions.swift in Sources */,
				86A3280E258EC47300AC17F8 /* GetThumbnailInteractor.swift in Sources */,
				86D5E5DE2589E0110099C2EE /* DownloadFileInteractor.swift in Sources */,
				86A32811258ED84A00AC17F8 /* LogoutInteractor.swift in Sources */,
				86D5E5CB2589C2110099C2EE /* FileBrowserCoordinator.swift in Sources */,
				86A3280B258EC17000AC17F8 /* UIViewController+Extensions.swift in Sources */,
				86D5E5CF2589CABF0099C2EE /* ViewAppearState.swift in Sources */,
				86FC3FB0258C58700056B8FA /* ErrorProcessor.swift in Sources */,
				86A32807258D297100AC17F8 /* FileInformationDetailViewController.swift in Sources */,
			);
			runOnlyForDeploymentPostprocessing = 0;
		};
		8654407F258854C600839146 /* Sources */ = {
			isa = PBXSourcesBuildPhase;
			buildActionMask = 2147483647;
			files = (
				86544088258854C600839146 /* HourboxUITests.swift in Sources */,
			);
			runOnlyForDeploymentPostprocessing = 0;
		};
/* End PBXSourcesBuildPhase section */

/* Begin PBXTargetDependency section */
		8654407A258854C600839146 /* PBXTargetDependency */ = {
			isa = PBXTargetDependency;
			target = 86544061258854C200839146 /* Hourbox */;
			targetProxy = 86544079258854C600839146 /* PBXContainerItemProxy */;
		};
		86544085258854C600839146 /* PBXTargetDependency */ = {
			isa = PBXTargetDependency;
			target = 86544061258854C200839146 /* Hourbox */;
			targetProxy = 86544084258854C600839146 /* PBXContainerItemProxy */;
		};
/* End PBXTargetDependency section */

/* Begin PBXVariantGroup section */
		86544070258854C600839146 /* LaunchScreen.storyboard */ = {
			isa = PBXVariantGroup;
			children = (
				86544071258854C600839146 /* Base */,
			);
			name = LaunchScreen.storyboard;
			sourceTree = "<group>";
		};
/* End PBXVariantGroup section */

/* Begin XCBuildConfiguration section */
		8654408A258854C600839146 /* Debug */ = {
			isa = XCBuildConfiguration;
			buildSettings = {
				ALWAYS_SEARCH_USER_PATHS = NO;
				CLANG_ANALYZER_LOCALIZABILITY_NONLOCALIZED = YES;
				CLANG_ANALYZER_NONNULL = YES;
				CLANG_ANALYZER_NUMBER_OBJECT_CONVERSION = YES_AGGRESSIVE;
				CLANG_CXX_LANGUAGE_STANDARD = "gnu++14";
				CLANG_CXX_LIBRARY = "libc++";
				CLANG_ENABLE_MODULES = YES;
				CLANG_ENABLE_OBJC_ARC = YES;
				CLANG_ENABLE_OBJC_WEAK = YES;
				CLANG_WARN_BLOCK_CAPTURE_AUTORELEASING = YES;
				CLANG_WARN_BOOL_CONVERSION = YES;
				CLANG_WARN_COMMA = YES;
				CLANG_WARN_CONSTANT_CONVERSION = YES;
				CLANG_WARN_DEPRECATED_OBJC_IMPLEMENTATIONS = YES;
				CLANG_WARN_DIRECT_OBJC_ISA_USAGE = YES_ERROR;
				CLANG_WARN_DOCUMENTATION_COMMENTS = YES;
				CLANG_WARN_EMPTY_BODY = YES;
				CLANG_WARN_ENUM_CONVERSION = YES;
				CLANG_WARN_INFINITE_RECURSION = YES;
				CLANG_WARN_INT_CONVERSION = YES;
				CLANG_WARN_NON_LITERAL_NULL_CONVERSION = YES;
				CLANG_WARN_OBJC_IMPLICIT_RETAIN_SELF = YES;
				CLANG_WARN_OBJC_LITERAL_CONVERSION = YES;
				CLANG_WARN_OBJC_ROOT_CLASS = YES_ERROR;
				CLANG_WARN_RANGE_LOOP_ANALYSIS = YES;
				CLANG_WARN_STRICT_PROTOTYPES = YES;
				CLANG_WARN_SUSPICIOUS_MOVE = YES;
				CLANG_WARN_UNGUARDED_AVAILABILITY = YES_AGGRESSIVE;
				CLANG_WARN_UNREACHABLE_CODE = YES;
				CLANG_WARN__DUPLICATE_METHOD_MATCH = YES;
				COPY_PHASE_STRIP = NO;
				DEBUG_INFORMATION_FORMAT = dwarf;
				ENABLE_STRICT_OBJC_MSGSEND = YES;
				ENABLE_TESTABILITY = YES;
				GCC_C_LANGUAGE_STANDARD = gnu11;
				GCC_DYNAMIC_NO_PIC = NO;
				GCC_NO_COMMON_BLOCKS = YES;
				GCC_OPTIMIZATION_LEVEL = 0;
				GCC_PREPROCESSOR_DEFINITIONS = (
					"DEBUG=1",
					"$(inherited)",
				);
				GCC_WARN_64_TO_32_BIT_CONVERSION = YES;
				GCC_WARN_ABOUT_RETURN_TYPE = YES_ERROR;
				GCC_WARN_UNDECLARED_SELECTOR = YES;
				GCC_WARN_UNINITIALIZED_AUTOS = YES_AGGRESSIVE;
				GCC_WARN_UNUSED_FUNCTION = YES;
				GCC_WARN_UNUSED_VARIABLE = YES;
				IPHONEOS_DEPLOYMENT_TARGET = 11.0;
				MTL_ENABLE_DEBUG_INFO = INCLUDE_SOURCE;
				MTL_FAST_MATH = YES;
				ONLY_ACTIVE_ARCH = YES;
				SDKROOT = iphoneos;
				SWIFT_ACTIVE_COMPILATION_CONDITIONS = DEBUG;
				SWIFT_OPTIMIZATION_LEVEL = "-Onone";
			};
			name = Debug;
		};
		8654408B258854C600839146 /* Release */ = {
			isa = XCBuildConfiguration;
			buildSettings = {
				ALWAYS_SEARCH_USER_PATHS = NO;
				CLANG_ANALYZER_LOCALIZABILITY_NONLOCALIZED = YES;
				CLANG_ANALYZER_NONNULL = YES;
				CLANG_ANALYZER_NUMBER_OBJECT_CONVERSION = YES_AGGRESSIVE;
				CLANG_CXX_LANGUAGE_STANDARD = "gnu++14";
				CLANG_CXX_LIBRARY = "libc++";
				CLANG_ENABLE_MODULES = YES;
				CLANG_ENABLE_OBJC_ARC = YES;
				CLANG_ENABLE_OBJC_WEAK = YES;
				CLANG_WARN_BLOCK_CAPTURE_AUTORELEASING = YES;
				CLANG_WARN_BOOL_CONVERSION = YES;
				CLANG_WARN_COMMA = YES;
				CLANG_WARN_CONSTANT_CONVERSION = YES;
				CLANG_WARN_DEPRECATED_OBJC_IMPLEMENTATIONS = YES;
				CLANG_WARN_DIRECT_OBJC_ISA_USAGE = YES_ERROR;
				CLANG_WARN_DOCUMENTATION_COMMENTS = YES;
				CLANG_WARN_EMPTY_BODY = YES;
				CLANG_WARN_ENUM_CONVERSION = YES;
				CLANG_WARN_INFINITE_RECURSION = YES;
				CLANG_WARN_INT_CONVERSION = YES;
				CLANG_WARN_NON_LITERAL_NULL_CONVERSION = YES;
				CLANG_WARN_OBJC_IMPLICIT_RETAIN_SELF = YES;
				CLANG_WARN_OBJC_LITERAL_CONVERSION = YES;
				CLANG_WARN_OBJC_ROOT_CLASS = YES_ERROR;
				CLANG_WARN_RANGE_LOOP_ANALYSIS = YES;
				CLANG_WARN_STRICT_PROTOTYPES = YES;
				CLANG_WARN_SUSPICIOUS_MOVE = YES;
				CLANG_WARN_UNGUARDED_AVAILABILITY = YES_AGGRESSIVE;
				CLANG_WARN_UNREACHABLE_CODE = YES;
				CLANG_WARN__DUPLICATE_METHOD_MATCH = YES;
				COPY_PHASE_STRIP = NO;
				DEBUG_INFORMATION_FORMAT = "dwarf-with-dsym";
				ENABLE_NS_ASSERTIONS = NO;
				ENABLE_STRICT_OBJC_MSGSEND = YES;
				GCC_C_LANGUAGE_STANDARD = gnu11;
				GCC_NO_COMMON_BLOCKS = YES;
				GCC_WARN_64_TO_32_BIT_CONVERSION = YES;
				GCC_WARN_ABOUT_RETURN_TYPE = YES_ERROR;
				GCC_WARN_UNDECLARED_SELECTOR = YES;
				GCC_WARN_UNINITIALIZED_AUTOS = YES_AGGRESSIVE;
				GCC_WARN_UNUSED_FUNCTION = YES;
				GCC_WARN_UNUSED_VARIABLE = YES;
				IPHONEOS_DEPLOYMENT_TARGET = 11.0;
				MTL_ENABLE_DEBUG_INFO = NO;
				MTL_FAST_MATH = YES;
				SDKROOT = iphoneos;
				SWIFT_COMPILATION_MODE = wholemodule;
				SWIFT_OPTIMIZATION_LEVEL = "-O";
				VALIDATE_PRODUCT = YES;
			};
			name = Release;
		};
		8654408D258854C600839146 /* Debug */ = {
			isa = XCBuildConfiguration;
			baseConfigurationReference = 3025E1F2215CF2B2B3862C8D /* Pods-Hourbox.debug.xcconfig */;
			buildSettings = {
				ASSETCATALOG_COMPILER_APPICON_NAME = AppIcon;
				CODE_SIGN_STYLE = Automatic;
				DEVELOPMENT_TEAM = 3WV69PR89G;
				INFOPLIST_FILE = Hourbox/Info.plist;
				LD_RUNPATH_SEARCH_PATHS = (
					"$(inherited)",
					"@executable_path/Frameworks",
				);
				PRODUCT_BUNDLE_IDENTIFIER = com.felipeco.Hourbox;
				PRODUCT_NAME = "$(TARGET_NAME)";
				SWIFT_VERSION = 5.0;
				TARGETED_DEVICE_FAMILY = 1;
			};
			name = Debug;
		};
		8654408E258854C600839146 /* Release */ = {
			isa = XCBuildConfiguration;
			baseConfigurationReference = 7331F79B69AAF57D6A93F556 /* Pods-Hourbox.release.xcconfig */;
			buildSettings = {
				ASSETCATALOG_COMPILER_APPICON_NAME = AppIcon;
				CODE_SIGN_STYLE = Automatic;
				DEVELOPMENT_TEAM = 3WV69PR89G;
				INFOPLIST_FILE = Hourbox/Info.plist;
				LD_RUNPATH_SEARCH_PATHS = (
					"$(inherited)",
					"@executable_path/Frameworks",
				);
				PRODUCT_BUNDLE_IDENTIFIER = com.felipeco.Hourbox;
				PRODUCT_NAME = "$(TARGET_NAME)";
				SWIFT_VERSION = 5.0;
				TARGETED_DEVICE_FAMILY = 1;
			};
			name = Release;
		};
		86544090258854C600839146 /* Debug */ = {
			isa = XCBuildConfiguration;
			baseConfigurationReference = 236279740ED0FF27B844C275 /* Pods-HourboxTests.debug.xcconfig */;
			buildSettings = {
				ALWAYS_EMBED_SWIFT_STANDARD_LIBRARIES = YES;
				BUNDLE_LOADER = "$(TEST_HOST)";
				CODE_SIGN_STYLE = Automatic;
				DEVELOPMENT_TEAM = 3WV69PR89G;
				INFOPLIST_FILE = HourboxTests/Info.plist;
				IPHONEOS_DEPLOYMENT_TARGET = 13.7;
				LD_RUNPATH_SEARCH_PATHS = (
					"$(inherited)",
					"@executable_path/Frameworks",
					"@loader_path/Frameworks",
				);
				PRODUCT_BUNDLE_IDENTIFIER = com.felipeco.HourboxTests;
				PRODUCT_NAME = "$(TARGET_NAME)";
				SWIFT_VERSION = 5.0;
				TARGETED_DEVICE_FAMILY = "1,2";
				TEST_HOST = "$(BUILT_PRODUCTS_DIR)/Hourbox.app/Hourbox";
			};
			name = Debug;
		};
		86544091258854C600839146 /* Release */ = {
			isa = XCBuildConfiguration;
			baseConfigurationReference = 7BFD348B7FB41124F9008E4C /* Pods-HourboxTests.release.xcconfig */;
			buildSettings = {
				ALWAYS_EMBED_SWIFT_STANDARD_LIBRARIES = YES;
				BUNDLE_LOADER = "$(TEST_HOST)";
				CODE_SIGN_STYLE = Automatic;
				DEVELOPMENT_TEAM = 3WV69PR89G;
				INFOPLIST_FILE = HourboxTests/Info.plist;
				IPHONEOS_DEPLOYMENT_TARGET = 13.7;
				LD_RUNPATH_SEARCH_PATHS = (
					"$(inherited)",
					"@executable_path/Frameworks",
					"@loader_path/Frameworks",
				);
				PRODUCT_BUNDLE_IDENTIFIER = com.felipeco.HourboxTests;
				PRODUCT_NAME = "$(TARGET_NAME)";
				SWIFT_VERSION = 5.0;
				TARGETED_DEVICE_FAMILY = "1,2";
				TEST_HOST = "$(BUILT_PRODUCTS_DIR)/Hourbox.app/Hourbox";
			};
			name = Release;
		};
		86544093258854C600839146 /* Debug */ = {
			isa = XCBuildConfiguration;
			baseConfigurationReference = 02696BF00EB34F54974EE819 /* Pods-Hourbox-HourboxUITests.debug.xcconfig */;
			buildSettings = {
				ALWAYS_EMBED_SWIFT_STANDARD_LIBRARIES = YES;
				CODE_SIGN_STYLE = Automatic;
				DEVELOPMENT_TEAM = 3WV69PR89G;
				INFOPLIST_FILE = HourboxUITests/Info.plist;
				LD_RUNPATH_SEARCH_PATHS = (
					"$(inherited)",
					"@executable_path/Frameworks",
					"@loader_path/Frameworks",
				);
				PRODUCT_BUNDLE_IDENTIFIER = com.felipeco.HourboxUITests;
				PRODUCT_NAME = "$(TARGET_NAME)";
				SWIFT_VERSION = 5.0;
				TARGETED_DEVICE_FAMILY = "1,2";
				TEST_TARGET_NAME = Hourbox;
			};
			name = Debug;
		};
		86544094258854C600839146 /* Release */ = {
			isa = XCBuildConfiguration;
			baseConfigurationReference = A48F4B01AA9772381205B317 /* Pods-Hourbox-HourboxUITests.release.xcconfig */;
			buildSettings = {
				ALWAYS_EMBED_SWIFT_STANDARD_LIBRARIES = YES;
				CODE_SIGN_STYLE = Automatic;
				DEVELOPMENT_TEAM = 3WV69PR89G;
				INFOPLIST_FILE = HourboxUITests/Info.plist;
				LD_RUNPATH_SEARCH_PATHS = (
					"$(inherited)",
					"@executable_path/Frameworks",
					"@loader_path/Frameworks",
				);
				PRODUCT_BUNDLE_IDENTIFIER = com.felipeco.HourboxUITests;
				PRODUCT_NAME = "$(TARGET_NAME)";
				SWIFT_VERSION = 5.0;
				TARGETED_DEVICE_FAMILY = "1,2";
				TEST_TARGET_NAME = Hourbox;
			};
			name = Release;
		};
/* End XCBuildConfiguration section */

/* Begin XCConfigurationList section */
		8654405D258854C200839146 /* Build configuration list for PBXProject "Hourbox" */ = {
			isa = XCConfigurationList;
			buildConfigurations = (
				8654408A258854C600839146 /* Debug */,
				8654408B258854C600839146 /* Release */,
			);
			defaultConfigurationIsVisible = 0;
			defaultConfigurationName = Release;
		};
		8654408C258854C600839146 /* Build configuration list for PBXNativeTarget "Hourbox" */ = {
			isa = XCConfigurationList;
			buildConfigurations = (
				8654408D258854C600839146 /* Debug */,
				8654408E258854C600839146 /* Release */,
			);
			defaultConfigurationIsVisible = 0;
			defaultConfigurationName = Release;
		};
		8654408F258854C600839146 /* Build configuration list for PBXNativeTarget "HourboxTests" */ = {
			isa = XCConfigurationList;
			buildConfigurations = (
				86544090258854C600839146 /* Debug */,
				86544091258854C600839146 /* Release */,
			);
			defaultConfigurationIsVisible = 0;
			defaultConfigurationName = Release;
		};
		86544092258854C600839146 /* Build configuration list for PBXNativeTarget "HourboxUITests" */ = {
			isa = XCConfigurationList;
			buildConfigurations = (
				86544093258854C600839146 /* Debug */,
				86544094258854C600839146 /* Release */,
			);
			defaultConfigurationIsVisible = 0;
			defaultConfigurationName = Release;
		};
/* End XCConfigurationList section */
	};
	rootObject = 8654405A258854C200839146 /* Project object */;
}
